
Microsoft Visual Studio Solution File, Format Version 12.00
# Visual Studio 15
VisualStudioVersion = 15.0.28010.2026
MinimumVisualStudioVersion = 10.0.40219.1
Project("{FAE04EC0-301F-11D3-BF4B-00C04F79EFBC}") = "LDSMovie", "LDSMovie\LDSMovie.csproj", "{6DCE5611-393D-4BA1-8E64-9688A584FB1A}"
EndProject
Global
	GlobalSection(SolutionConfigurationPlatforms) = preSolution
		Debug|Any CPU = Debug|Any CPU
		Release|Any CPU = Release|Any CPU
	EndGlobalSection
	GlobalSection(ProjectConfigurationPlatforms) = postSolution
		{6DCE5611-393D-4BA1-8E64-9688A584FB1A}.Debug|Any CPU.ActiveCfg = Debug|Any CPU
		{6DCE5611-393D-4BA1-8E64-9688A584FB1A}.Debug|Any CPU.Build.0 = Debug|Any CPU
		{6DCE5611-393D-4BA1-8E64-9688A584FB1A}.Release|Any CPU.ActiveCfg = Release|Any CPU
		{6DCE5611-393D-4BA1-8E64-9688A584FB1A}.Release|Any CPU.Build.0 = Release|Any CPU
	EndGlobalSection
	GlobalSection(SolutionProperties) = preSolution
		HideSolutionNode = FALSE
	EndGlobalSection
	GlobalSection(ExtensibilityGlobals) = postSolution
		SolutionGuid = {8AD1A2EE-E864-4739-AC57-A3D7FCE00D4F}
	EndGlobalSection
EndGlobal
